
Microsoft Visual Studio Solution File, Format Version 12.00
# Visual Studio Version 17
VisualStudioVersion = 17.0.31903.59
MinimumVisualStudioVersion = 10.0.40219.1
Project("{2150E333-8FDC-42A3-9474-1A3956D46DE8}") = "src", "src", "{8DAF642B-B132-42D1-869D-297A35BC1AF9}"
EndProject
Project("{FAE04EC0-301F-11D3-BF4B-00C04F79EFBC}") = "Sil.Core", "src\Sil.Core\Sil.Core.csproj", "{BE79E3B0-56F1-471A-AF4C-2B556932B0A7}"
EndProject
Project("{2150E333-8FDC-42A3-9474-1A3956D46DE8}") = "tests", "tests", "{C815C772-8F8C-424F-A687-E6F6028D1EC7}"
EndProject
Project("{FAE04EC0-301F-11D3-BF4B-00C04F79EFBC}") = "Sil.Core.Tests", "tests\Sil.Core.Tests\Sil.Core.Tests.csproj", "{763769EA-7188-42CA-B6E3-BC384D263F3E}"
EndProject
Project("{FAE04EC0-301F-11D3-BF4B-00C04F79EFBC}") = "Sil.App", "src\Sil.App\Sil.App.csproj", "{77290D68-2C0C-412F-B1CF-AB9C80B93DCF}"
EndProject
Project("{FAE04EC0-301F-11D3-BF4B-00C04F79EFBC}") = "Sil.App.Tests", "tests\Sil.App.Tests\Sil.App.Tests.csproj", "{CCA09489-5AA9-420D-8829-D072B7BD39CF}"
EndProject
Global
	GlobalSection(SolutionConfigurationPlatforms) = preSolution
		Debug|Any CPU = Debug|Any CPU
		Release|Any CPU = Release|Any CPU
	EndGlobalSection
	GlobalSection(SolutionProperties) = preSolution
		HideSolutionNode = FALSE
	EndGlobalSection
	GlobalSection(ProjectConfigurationPlatforms) = postSolution
		{BE79E3B0-56F1-471A-AF4C-2B556932B0A7}.Debug|Any CPU.ActiveCfg = Debug|Any CPU
		{BE79E3B0-56F1-471A-AF4C-2B556932B0A7}.Debug|Any CPU.Build.0 = Debug|Any CPU
		{BE79E3B0-56F1-471A-AF4C-2B556932B0A7}.Release|Any CPU.ActiveCfg = Release|Any CPU
		{BE79E3B0-56F1-471A-AF4C-2B556932B0A7}.Release|Any CPU.Build.0 = Release|Any CPU
		{763769EA-7188-42CA-B6E3-BC384D263F3E}.Debug|Any CPU.ActiveCfg = Debug|Any CPU
		{763769EA-7188-42CA-B6E3-BC384D263F3E}.Debug|Any CPU.Build.0 = Debug|Any CPU
		{763769EA-7188-42CA-B6E3-BC384D263F3E}.Release|Any CPU.ActiveCfg = Release|Any CPU
		{763769EA-7188-42CA-B6E3-BC384D263F3E}.Release|Any CPU.Build.0 = Release|Any CPU
		{77290D68-2C0C-412F-B1CF-AB9C80B93DCF}.Debug|Any CPU.ActiveCfg = Debug|Any CPU
		{77290D68-2C0C-412F-B1CF-AB9C80B93DCF}.Debug|Any CPU.Build.0 = Debug|Any CPU
		{77290D68-2C0C-412F-B1CF-AB9C80B93DCF}.Release|Any CPU.ActiveCfg = Release|Any CPU
		{77290D68-2C0C-412F-B1CF-AB9C80B93DCF}.Release|Any CPU.Build.0 = Release|Any CPU
		{CCA09489-5AA9-420D-8829-D072B7BD39CF}.Debug|Any CPU.ActiveCfg = Debug|Any CPU
		{CCA09489-5AA9-420D-8829-D072B7BD39CF}.Debug|Any CPU.Build.0 = Debug|Any CPU
		{CCA09489-5AA9-420D-8829-D072B7BD39CF}.Release|Any CPU.ActiveCfg = Release|Any CPU
		{CCA09489-5AA9-420D-8829-D072B7BD39CF}.Release|Any CPU.Build.0 = Release|Any CPU
	EndGlobalSection
	GlobalSection(NestedProjects) = preSolution
		{BE79E3B0-56F1-471A-AF4C-2B556932B0A7} = {8DAF642B-B132-42D1-869D-297A35BC1AF9}
		{763769EA-7188-42CA-B6E3-BC384D263F3E} = {C815C772-8F8C-424F-A687-E6F6028D1EC7}
		{77290D68-2C0C-412F-B1CF-AB9C80B93DCF} = {8DAF642B-B132-42D1-869D-297A35BC1AF9}
		{CCA09489-5AA9-420D-8829-D072B7BD39CF} = {C815C772-8F8C-424F-A687-E6F6028D1EC7}
	EndGlobalSection
EndGlobal
